
Microsoft Visual Studio Solution File, Format Version 12.00
# Visual Studio Version 17
VisualStudioVersion = 17.11.35431.28
MinimumVisualStudioVersion = 10.0.40219.1
Project("{FAE04EC0-301F-11D3-BF4B-00C04F79EFBC}") = "MainClasses", "MainClasses\MainClasses.csproj", "{1C15A84A-D8CA-441B-955F-B2073C4E8D7B}"
EndProject
Project("{FAE04EC0-301F-11D3-BF4B-00C04F79EFBC}") = "Server", "ConsoleApp3\Server.csproj", "{D9213DAC-00AB-4C82-94CE-E1BFEF74464A}"
EndProject
Project("{2150E333-8FDC-42A3-9474-1A3956D46DE8}") = "Resources", "Resources", "{5F2CE0CA-60FC-42C5-831E-1767A12D6A2B}"
	ProjectSection(SolutionItems) = preProject
		Resources\MainIcon.png = Resources\MainIcon.png
	EndProjectSection
EndProject
Project("{FAE04EC0-301F-11D3-BF4B-00C04F79EFBC}") = "WpfApp1", "WpfApp1\WpfApp1.csproj", "{1E31D5E1-035C-43BA-9295-A92597950490}"
EndProject
Global
	GlobalSection(SolutionConfigurationPlatforms) = preSolution
		Debug|Any CPU = Debug|Any CPU
		Release|Any CPU = Release|Any CPU
	EndGlobalSection
	GlobalSection(ProjectConfigurationPlatforms) = postSolution
		{1C15A84A-D8CA-441B-955F-B2073C4E8D7B}.Debug|Any CPU.ActiveCfg = Debug|Any CPU
		{1C15A84A-D8CA-441B-955F-B2073C4E8D7B}.Debug|Any CPU.Build.0 = Debug|Any CPU
		{1C15A84A-D8CA-441B-955F-B2073C4E8D7B}.Release|Any CPU.ActiveCfg = Release|Any CPU
		{1C15A84A-D8CA-441B-955F-B2073C4E8D7B}.Release|Any CPU.Build.0 = Release|Any CPU
		{D9213DAC-00AB-4C82-94CE-E1BFEF74464A}.Debug|Any CPU.ActiveCfg = Debug|Any CPU
		{D9213DAC-00AB-4C82-94CE-E1BFEF74464A}.Debug|Any CPU.Build.0 = Debug|Any CPU
		{D9213DAC-00AB-4C82-94CE-E1BFEF74464A}.Release|Any CPU.ActiveCfg = Release|Any CPU
		{D9213DAC-00AB-4C82-94CE-E1BFEF74464A}.Release|Any CPU.Build.0 = Release|Any CPU
		{1E31D5E1-035C-43BA-9295-A92597950490}.Debug|Any CPU.ActiveCfg = Debug|Any CPU
		{1E31D5E1-035C-43BA-9295-A92597950490}.Debug|Any CPU.Build.0 = Debug|Any CPU
		{1E31D5E1-035C-43BA-9295-A92597950490}.Release|Any CPU.ActiveCfg = Release|Any CPU
		{1E31D5E1-035C-43BA-9295-A92597950490}.Release|Any CPU.Build.0 = Release|Any CPU
	EndGlobalSection
	GlobalSection(SolutionProperties) = preSolution
		HideSolutionNode = FALSE
	EndGlobalSection
	GlobalSection(ExtensibilityGlobals) = postSolution
		SolutionGuid = {AA338575-F411-4B01-A8DC-396E48B5ADC3}
	EndGlobalSection
EndGlobal
